
Microsoft Visual Studio Solution File, Format Version 11.00
# Visual Studio 2010
Project("{FAE04EC0-301F-11D3-BF4B-00C04F79EFBC}") = "MsPowerShellConnector", "PowerShellConnector\MsPowerShellConnector.csproj", "{A3229902-21DB-4F52-B65B-E39A9CD6C128}"
EndProject
Project("{FAE04EC0-301F-11D3-BF4B-00C04F79EFBC}") = "MsPowerShellConnectorTests", "PowerShellConnectorTests\MsPowerShellConnectorTests.csproj", "{42936DCF-C4FC-4D4F-8A15-C955696B3D11}"
EndProject
Project("{FAE04EC0-301F-11D3-BF4B-00C04F79EFBC}") = "MsPowerShellTestModule", "MsPowerShellTestModule\MsPowerShellTestModule.csproj", "{9B5E441B-CCBA-4AC6-8E1A-6CE00F7F27FC}"
EndProject
Global
	GlobalSection(SolutionConfigurationPlatforms) = preSolution
		Debug|Any CPU = Debug|Any CPU
		Release|Any CPU = Release|Any CPU
	EndGlobalSection
	GlobalSection(ProjectConfigurationPlatforms) = postSolution
		{A3229902-21DB-4F52-B65B-E39A9CD6C128}.Debug|Any CPU.ActiveCfg = Debug|Any CPU
		{A3229902-21DB-4F52-B65B-E39A9CD6C128}.Debug|Any CPU.Build.0 = Debug|Any CPU
		{A3229902-21DB-4F52-B65B-E39A9CD6C128}.Release|Any CPU.ActiveCfg = Release|Any CPU
		{A3229902-21DB-4F52-B65B-E39A9CD6C128}.Release|Any CPU.Build.0 = Release|Any CPU
		{42936DCF-C4FC-4D4F-8A15-C955696B3D11}.Debug|Any CPU.ActiveCfg = Debug|Any CPU
		{42936DCF-C4FC-4D4F-8A15-C955696B3D11}.Debug|Any CPU.Build.0 = Debug|Any CPU
		{42936DCF-C4FC-4D4F-8A15-C955696B3D11}.Release|Any CPU.ActiveCfg = Release|Any CPU
		{42936DCF-C4FC-4D4F-8A15-C955696B3D11}.Release|Any CPU.Build.0 = Release|Any CPU
		{9B5E441B-CCBA-4AC6-8E1A-6CE00F7F27FC}.Debug|Any CPU.ActiveCfg = Debug|Any CPU
		{9B5E441B-CCBA-4AC6-8E1A-6CE00F7F27FC}.Debug|Any CPU.Build.0 = Debug|Any CPU
		{9B5E441B-CCBA-4AC6-8E1A-6CE00F7F27FC}.Release|Any CPU.ActiveCfg = Release|Any CPU
		{9B5E441B-CCBA-4AC6-8E1A-6CE00F7F27FC}.Release|Any CPU.Build.0 = Release|Any CPU
	EndGlobalSection
	GlobalSection(SolutionProperties) = preSolution
		HideSolutionNode = FALSE
	EndGlobalSection
EndGlobal
